
Microsoft Visual Studio Solution File, Format Version 12.00
# Visual Studio Version 17
VisualStudioVersion = 17.9.34728.123
MinimumVisualStudioVersion = 10.0.40219.1
Project("{FAE04EC0-301F-11D3-BF4B-00C04F79EFBC}") = "Examen", "Examen.csproj", "{CE295810-C5AB-472F-9C05-AEA66644BD9F}"
EndProject
Project("{FAE04EC0-301F-11D3-BF4B-00C04F79EFBC}") = "APIConsumer", "..\APIConsumer\APIConsumer.csproj", "{F633C382-A58E-4ADC-B40D-8DEFA8DB4D8D}"
EndProject
Global
	GlobalSection(SolutionConfigurationPlatforms) = preSolution
		Debug|Any CPU = Debug|Any CPU
		Release|Any CPU = Release|Any CPU
	EndGlobalSection
	GlobalSection(ProjectConfigurationPlatforms) = postSolution
		{CE295810-C5AB-472F-9C05-AEA66644BD9F}.Debug|Any CPU.ActiveCfg = Debug|Any CPU
		{CE295810-C5AB-472F-9C05-AEA66644BD9F}.Debug|Any CPU.Build.0 = Debug|Any CPU
		{CE295810-C5AB-472F-9C05-AEA66644BD9F}.Debug|Any CPU.Deploy.0 = Debug|Any CPU
		{CE295810-C5AB-472F-9C05-AEA66644BD9F}.Release|Any CPU.ActiveCfg = Release|Any CPU
		{CE295810-C5AB-472F-9C05-AEA66644BD9F}.Release|Any CPU.Build.0 = Release|Any CPU
		{CE295810-C5AB-472F-9C05-AEA66644BD9F}.Release|Any CPU.Deploy.0 = Release|Any CPU
		{F633C382-A58E-4ADC-B40D-8DEFA8DB4D8D}.Debug|Any CPU.ActiveCfg = Debug|Any CPU
		{F633C382-A58E-4ADC-B40D-8DEFA8DB4D8D}.Debug|Any CPU.Build.0 = Debug|Any CPU
		{F633C382-A58E-4ADC-B40D-8DEFA8DB4D8D}.Release|Any CPU.ActiveCfg = Release|Any CPU
		{F633C382-A58E-4ADC-B40D-8DEFA8DB4D8D}.Release|Any CPU.Build.0 = Release|Any CPU
	EndGlobalSection
	GlobalSection(SolutionProperties) = preSolution
		HideSolutionNode = FALSE
	EndGlobalSection
	GlobalSection(ExtensibilityGlobals) = postSolution
		SolutionGuid = {96EF5093-0AAB-45D5-905A-98F8C44914CD}
	EndGlobalSection
EndGlobal
